
Microsoft Visual Studio Solution File, Format Version 10.00
# Visual Studio 2008
Project("{8BC9CEB8-8B4A-11D0-8D11-00A0C91BC942}") = "FFxtubes", "FFxtubes.vcproj", "{B17BA6E8-7D54-4CA3-977F-E14289AE4226}"
EndProject
Project("{8BC9CEB8-8B4A-11D0-8D11-00A0C91BC942}") = "cudaproj", "cudaproj\cudaproj.vcproj", "{99621C33-B5FF-45BC-93CF-F830652A1AA6}"
EndProject
Global
	GlobalSection(SolutionConfigurationPlatforms) = preSolution
		Debug|Win32 = Debug|Win32
		Debug|x64 = Debug|x64
		Release|Win32 = Release|Win32
		Release|x64 = Release|x64
	EndGlobalSection
	GlobalSection(ProjectConfigurationPlatforms) = postSolution
		{B17BA6E8-7D54-4CA3-977F-E14289AE4226}.Debug|Win32.ActiveCfg = Debug|x64
		{B17BA6E8-7D54-4CA3-977F-E14289AE4226}.Debug|Win32.Build.0 = Debug|x64
		{B17BA6E8-7D54-4CA3-977F-E14289AE4226}.Debug|x64.ActiveCfg = Debug|x64
		{B17BA6E8-7D54-4CA3-977F-E14289AE4226}.Debug|x64.Build.0 = Debug|x64
		{B17BA6E8-7D54-4CA3-977F-E14289AE4226}.Release|Win32.ActiveCfg = Release|x64
		{B17BA6E8-7D54-4CA3-977F-E14289AE4226}.Release|Win32.Build.0 = Release|x64
		{B17BA6E8-7D54-4CA3-977F-E14289AE4226}.Release|x64.ActiveCfg = Release|x64
		{B17BA6E8-7D54-4CA3-977F-E14289AE4226}.Release|x64.Build.0 = Release|x64
		{99621C33-B5FF-45BC-93CF-F830652A1AA6}.Debug|Win32.ActiveCfg = Debug|x64
		{99621C33-B5FF-45BC-93CF-F830652A1AA6}.Debug|Win32.Build.0 = Debug|x64
		{99621C33-B5FF-45BC-93CF-F830652A1AA6}.Debug|x64.ActiveCfg = Debug|x64
		{99621C33-B5FF-45BC-93CF-F830652A1AA6}.Release|Win32.ActiveCfg = Release|x64
		{99621C33-B5FF-45BC-93CF-F830652A1AA6}.Release|Win32.Build.0 = Release|x64
		{99621C33-B5FF-45BC-93CF-F830652A1AA6}.Release|x64.ActiveCfg = Release|x64
		{99621C33-B5FF-45BC-93CF-F830652A1AA6}.Release|x64.Build.0 = Release|x64
	EndGlobalSection
	GlobalSection(SolutionProperties) = preSolution
		HideSolutionNode = FALSE
	EndGlobalSection
EndGlobal
